
Microsoft Visual Studio Solution File, Format Version 12.00
# Visual Studio Version 16
VisualStudioVersion = 16.0.31129.286
MinimumVisualStudioVersion = 10.0.40219.1
Project("{FAE04EC0-301F-11D3-BF4B-00C04F79EFBC}") = "brokerAgenda", "brokerAgenda\brokerAgenda.csproj", "{ED7647EB-0AD0-466C-855B-7B768887F2A4}"
EndProject
Global
	GlobalSection(SolutionConfigurationPlatforms) = preSolution
		Debug|Any CPU = Debug|Any CPU
		Release|Any CPU = Release|Any CPU
	EndGlobalSection
	GlobalSection(ProjectConfigurationPlatforms) = postSolution
		{ED7647EB-0AD0-466C-855B-7B768887F2A4}.Debug|Any CPU.ActiveCfg = Debug|Any CPU
		{ED7647EB-0AD0-466C-855B-7B768887F2A4}.Debug|Any CPU.Build.0 = Debug|Any CPU
		{ED7647EB-0AD0-466C-855B-7B768887F2A4}.Release|Any CPU.ActiveCfg = Release|Any CPU
		{ED7647EB-0AD0-466C-855B-7B768887F2A4}.Release|Any CPU.Build.0 = Release|Any CPU
	EndGlobalSection
	GlobalSection(SolutionProperties) = preSolution
		HideSolutionNode = FALSE
	EndGlobalSection
	GlobalSection(ExtensibilityGlobals) = postSolution
		SolutionGuid = {62FB4608-37C6-46E3-8F97-8BFC03F777D4}
	EndGlobalSection
EndGlobal
